
Microsoft Visual Studio Solution File, Format Version 12.00
# Visual Studio Version 17
VisualStudioVersion = 17.11.35312.102
MinimumVisualStudioVersion = 10.0.40219.1
Project("{FAE04EC0-301F-11D3-BF4B-00C04F79EFBC}") = "EduConnect.Core", "EduConnect.Core\EduConnect.Core.csproj", "{5DA34B06-DBB0-4F5C-BE05-FFA1000DAEDF}"
EndProject
Project("{FAE04EC0-301F-11D3-BF4B-00C04F79EFBC}") = "EduConnect.Services", "EduConnect.Service\EduConnect.Services.csproj", "{09C8D89B-74BD-4C1F-A370-31FAA7ADB3FB}"
EndProject
Project("{FAE04EC0-301F-11D3-BF4B-00C04F79EFBC}") = "EduConnect.Api", "EduConnect.Api\EduConnect.Api.csproj", "{FC6B87EB-A9AA-43F7-A106-0D6F46721762}"
EndProject
Project("{FAE04EC0-301F-11D3-BF4B-00C04F79EFBC}") = "EduConnect.Data", "EduConnect.Data\EduConnect.Data.csproj", "{226E1E7B-B1D2-4A6B-BB7F-623CCBB56258}"
EndProject
Project("{FAE04EC0-301F-11D3-BF4B-00C04F79EFBC}") = "EduConnect.Repository", "EduConnect.Repository\EduConnect.Repository.csproj", "{1C3130E7-2508-48E8-AF6E-75DBCD9C59E3}"
EndProject
Global
	GlobalSection(SolutionConfigurationPlatforms) = preSolution
		Debug|Any CPU = Debug|Any CPU
		Release|Any CPU = Release|Any CPU
	EndGlobalSection
	GlobalSection(ProjectConfigurationPlatforms) = postSolution
		{5DA34B06-DBB0-4F5C-BE05-FFA1000DAEDF}.Debug|Any CPU.ActiveCfg = Debug|Any CPU
		{5DA34B06-DBB0-4F5C-BE05-FFA1000DAEDF}.Debug|Any CPU.Build.0 = Debug|Any CPU
		{5DA34B06-DBB0-4F5C-BE05-FFA1000DAEDF}.Release|Any CPU.ActiveCfg = Release|Any CPU
		{5DA34B06-DBB0-4F5C-BE05-FFA1000DAEDF}.Release|Any CPU.Build.0 = Release|Any CPU
		{09C8D89B-74BD-4C1F-A370-31FAA7ADB3FB}.Debug|Any CPU.ActiveCfg = Debug|Any CPU
		{09C8D89B-74BD-4C1F-A370-31FAA7ADB3FB}.Debug|Any CPU.Build.0 = Debug|Any CPU
		{09C8D89B-74BD-4C1F-A370-31FAA7ADB3FB}.Release|Any CPU.ActiveCfg = Release|Any CPU
		{09C8D89B-74BD-4C1F-A370-31FAA7ADB3FB}.Release|Any CPU.Build.0 = Release|Any CPU
		{FC6B87EB-A9AA-43F7-A106-0D6F46721762}.Debug|Any CPU.ActiveCfg = Debug|Any CPU
		{FC6B87EB-A9AA-43F7-A106-0D6F46721762}.Debug|Any CPU.Build.0 = Debug|Any CPU
		{FC6B87EB-A9AA-43F7-A106-0D6F46721762}.Release|Any CPU.ActiveCfg = Release|Any CPU
		{FC6B87EB-A9AA-43F7-A106-0D6F46721762}.Release|Any CPU.Build.0 = Release|Any CPU
		{226E1E7B-B1D2-4A6B-BB7F-623CCBB56258}.Debug|Any CPU.ActiveCfg = Debug|Any CPU
		{226E1E7B-B1D2-4A6B-BB7F-623CCBB56258}.Debug|Any CPU.Build.0 = Debug|Any CPU
		{226E1E7B-B1D2-4A6B-BB7F-623CCBB56258}.Release|Any CPU.ActiveCfg = Release|Any CPU
		{226E1E7B-B1D2-4A6B-BB7F-623CCBB56258}.Release|Any CPU.Build.0 = Release|Any CPU
		{1C3130E7-2508-48E8-AF6E-75DBCD9C59E3}.Debug|Any CPU.ActiveCfg = Debug|Any CPU
		{1C3130E7-2508-48E8-AF6E-75DBCD9C59E3}.Debug|Any CPU.Build.0 = Debug|Any CPU
		{1C3130E7-2508-48E8-AF6E-75DBCD9C59E3}.Release|Any CPU.ActiveCfg = Release|Any CPU
		{1C3130E7-2508-48E8-AF6E-75DBCD9C59E3}.Release|Any CPU.Build.0 = Release|Any CPU
	EndGlobalSection
	GlobalSection(SolutionProperties) = preSolution
		HideSolutionNode = FALSE
	EndGlobalSection
	GlobalSection(ExtensibilityGlobals) = postSolution
		SolutionGuid = {BBFF0898-088B-45A3-834C-9C7BA2E1A236}
	EndGlobalSection
EndGlobal
